{
  "originHash" : "a26b87f7532bf895d1f3ccbd9e2744d5969a3f399bf771e68e196912124f7415",
  "pins" : [
    {
      "identity" : "loggerfactory",
      "kind" : "remoteSourceControl",
      "location" : "https://github.com/kelvinjjwong/LoggerFactory",
      "state" : {
        "revision" : "b8aee3e1c1b3a198f46a4fb4ea89b70c534bfd0d",
        "version" : "1.1.1"
      }
    },
    {
      "identity" : "shareddevicelib",
      "kind" : "remoteSourceControl",
      "location" : "https://github.com/kelvinjjwong/SharedDeviceLib",
      "state" : {
        "revision" : "0566d80d3095678bed09336ff3109ea3988c2d86",
        "version" : "1.0.3"
      }
    }
  ],
  "version" : 3
}
