{
  "originHash" : "7153959756dd7c6a712434568404400c772ad711903d3d00b6d3031a796c2c41",
  "pins" : [
    {
      "identity" : "loggerfactory",
      "kind" : "remoteSourceControl",
      "location" : "https://github.com/kelvinjjwong/LoggerFactory",
      "state" : {
        "revision" : "11f9948717978ff74bd03c297012ae2c27280d09",
        "version" : "1.2.0"
      }
    },
    {
      "identity" : "shareddevicelib",
      "kind" : "remoteSourceControl",
      "location" : "https://github.com/kelvinjjwong/SharedDeviceLib",
      "state" : {
        "revision" : "0566d80d3095678bed09336ff3109ea3988c2d86",
        "version" : "1.0.3"
      }
    }
  ],
  "version" : 3
}
